
Microsoft Visual Studio Solution File, Format Version 12.00
Project("{FAE04EC0-301F-11D3-BF4B-00C04F79EFBC}") = "Blackjack", "Blackjack\Blackjack.csproj", "{0B13627C-9AE4-426E-8193-FDF60D385FA6}"
EndProject
Global
	GlobalSection(SolutionConfigurationPlatforms) = preSolution
		Debug|Any CPU = Debug|Any CPU
		Release|Any CPU = Release|Any CPU
	EndGlobalSection
	GlobalSection(ProjectConfigurationPlatforms) = postSolution
		{0B13627C-9AE4-426E-8193-FDF60D385FA6}.Debug|Any CPU.ActiveCfg = Debug|Any CPU
		{0B13627C-9AE4-426E-8193-FDF60D385FA6}.Debug|Any CPU.Build.0 = Debug|Any CPU
		{0B13627C-9AE4-426E-8193-FDF60D385FA6}.Release|Any CPU.ActiveCfg = Release|Any CPU
		{0B13627C-9AE4-426E-8193-FDF60D385FA6}.Release|Any CPU.Build.0 = Release|Any CPU
	EndGlobalSection
EndGlobal
